Microsoft Visual Studio Solution File, Format Version 12.00
# Visual Studio 2012
Project("{8BC9CEB8-8B4A-11D0-8D11-00A0C91BC942}") = "AndroidLoad", "FlashEnter.vcxproj", "{AD727440-C9E8-4399-A306-C016E39683DA}"
EndProject
Global
	GlobalSection(SolutionConfigurationPlatforms) = preSolution
		Debug|Win32 = Debug|Win32
		Release|Win32 = Release|Win32
	EndGlobalSection
	GlobalSection(ProjectConfigurationPlatforms) = postSolution
		{AD727440-C9E8-4399-A306-C016E39683DA}.Debug|Win32.ActiveCfg = Debug|Win32
		{AD727440-C9E8-4399-A306-C016E39683DA}.Debug|Win32.Build.0 = Debug|Win32
		{AD727440-C9E8-4399-A306-C016E39683DA}.Release|Win32.ActiveCfg = Release|Win32
		{AD727440-C9E8-4399-A306-C016E39683DA}.Release|Win32.Build.0 = Release|Win32
	EndGlobalSection
	GlobalSection(SolutionProperties) = preSolution
		HideSolutionNode = FALSE
	EndGlobalSection
EndGlobal
