Microsoft Visual Studio Solution File, Format Version 12.00
# Visual Studio 2012
Project("{8BC9CEB8-8B4A-11D0-8D11-00A0C91BC942}") = "AndroidGameFrame", "AndroidGameFrame.vcxproj", "{87E86921-6DD1-443B-861F-85971C3C8981}"
EndProject
Project("{8BC9CEB8-8B4A-11D0-8D11-00A0C91BC942}") = "AndroidLoad", "..\AndroidLoad\FlashEnter.vcxproj", "{AD727440-C9E8-4399-A306-C016E39683DA}"
EndProject
Project("{8BC9CEB8-8B4A-11D0-8D11-00A0C91BC942}") = "AndroidUserInfo", "..\AndroidUserInfo\AndroidUserInfo.vcxproj", "{1D15D4A3-E19A-413F-9E34-38E90163C5C0}"
EndProject
Global
	GlobalSection(SolutionConfigurationPlatforms) = preSolution
		Debug|Win32 = Debug|Win32
		Release|Win32 = Release|Win32
	EndGlobalSection
	GlobalSection(ProjectConfigurationPlatforms) = postSolution
		{87E86921-6DD1-443B-861F-85971C3C8981}.Debug|Win32.ActiveCfg = Debug|Win32
		{87E86921-6DD1-443B-861F-85971C3C8981}.Debug|Win32.Build.0 = Debug|Win32
		{87E86921-6DD1-443B-861F-85971C3C8981}.Release|Win32.ActiveCfg = Release|Win32
		{87E86921-6DD1-443B-861F-85971C3C8981}.Release|Win32.Build.0 = Release|Win32
		{AD727440-C9E8-4399-A306-C016E39683DA}.Debug|Win32.ActiveCfg = Debug|Win32
		{AD727440-C9E8-4399-A306-C016E39683DA}.Debug|Win32.Build.0 = Debug|Win32
		{AD727440-C9E8-4399-A306-C016E39683DA}.Release|Win32.ActiveCfg = Release|Win32
		{AD727440-C9E8-4399-A306-C016E39683DA}.Release|Win32.Build.0 = Release|Win32
		{1D15D4A3-E19A-413F-9E34-38E90163C5C0}.Debug|Win32.ActiveCfg = Debug|Win32
		{1D15D4A3-E19A-413F-9E34-38E90163C5C0}.Debug|Win32.Build.0 = Debug|Win32
		{1D15D4A3-E19A-413F-9E34-38E90163C5C0}.Release|Win32.ActiveCfg = Release|Win32
		{1D15D4A3-E19A-413F-9E34-38E90163C5C0}.Release|Win32.Build.0 = Release|Win32
	EndGlobalSection
	GlobalSection(SolutionProperties) = preSolution
		HideSolutionNode = FALSE
	EndGlobalSection
EndGlobal
