Microsoft Visual Studio Solution File, Format Version 12.00
# Visual Studio 2012
Project("{8BC9CEB8-8B4A-11D0-8D11-00A0C91BC942}") = "LogonServer", "LogonServer\LogonServer.vcxproj", "{D1D26E10-3E7E-4A5D-B614-8E03ADC03F79}"
	ProjectSection(ProjectDependencies) = postProject
		{F5D6B929-08E3-43DA-9F39-941A859B3FD8} = {F5D6B929-08E3-43DA-9F39-941A859B3FD8}
		{48A17E45-3F15-4ACC-92DE-DA57DA6C360B} = {48A17E45-3F15-4ACC-92DE-DA57DA6C360B}
		{877DA7B2-2C4E-40A5-9F28-EC1BFD6DEAAD} = {877DA7B2-2C4E-40A5-9F28-EC1BFD6DEAAD}
	EndProjectSection
EndProject
Project("{8BC9CEB8-8B4A-11D0-8D11-00A0C91BC942}") = "CenterServer", "CenterServer\CenterServer.vcxproj", "{9DF6C624-2D4E-478F-B2CF-A956361A93FC}"
	ProjectSection(ProjectDependencies) = postProject
		{F5D6B929-08E3-43DA-9F39-941A859B3FD8} = {F5D6B929-08E3-43DA-9F39-941A859B3FD8}
		{48A17E45-3F15-4ACC-92DE-DA57DA6C360B} = {48A17E45-3F15-4ACC-92DE-DA57DA6C360B}
	EndProjectSection
EndProject
Project("{8BC9CEB8-8B4A-11D0-8D11-00A0C91BC942}") = "ServiceLoader", "ServiceLoader\ServiceLoader.vcxproj", "{9D4508DE-DC73-4396-B6F7-A35F87F6BEE2}"
	ProjectSection(ProjectDependencies) = postProject
		{F5D6B929-08E3-43DA-9F39-941A859B3FD8} = {F5D6B929-08E3-43DA-9F39-941A859B3FD8}
		{48A17E45-3F15-4ACC-92DE-DA57DA6C360B} = {48A17E45-3F15-4ACC-92DE-DA57DA6C360B}
		{FEF1A495-AD07-4584-B4FB-044B4E003C3E} = {FEF1A495-AD07-4584-B4FB-044B4E003C3E}
		{877DA7B2-2C4E-40A5-9F28-EC1BFD6DEAAD} = {877DA7B2-2C4E-40A5-9F28-EC1BFD6DEAAD}
	EndProjectSection
EndProject
Project("{8BC9CEB8-8B4A-11D0-8D11-00A0C91BC942}") = "GameService", "GameServices\GameService.vcxproj", "{FEF1A495-AD07-4584-B4FB-044B4E003C3E}"
	ProjectSection(ProjectDependencies) = postProject
		{F5D6B929-08E3-43DA-9F39-941A859B3FD8} = {F5D6B929-08E3-43DA-9F39-941A859B3FD8}
		{48A17E45-3F15-4ACC-92DE-DA57DA6C360B} = {48A17E45-3F15-4ACC-92DE-DA57DA6C360B}
		{877DA7B2-2C4E-40A5-9F28-EC1BFD6DEAAD} = {877DA7B2-2C4E-40A5-9F28-EC1BFD6DEAAD}
	EndProjectSection
EndProject
Project("{8BC9CEB8-8B4A-11D0-8D11-00A0C91BC942}") = "ControlServer", "ControlServer\ControlServer.vcxproj", "{D638E374-9D1C-44B7-B067-BE891CB219B2}"
	ProjectSection(ProjectDependencies) = postProject
		{F5D6B929-08E3-43DA-9F39-941A859B3FD8} = {F5D6B929-08E3-43DA-9F39-941A859B3FD8}
		{48A17E45-3F15-4ACC-92DE-DA57DA6C360B} = {48A17E45-3F15-4ACC-92DE-DA57DA6C360B}
		{877DA7B2-2C4E-40A5-9F28-EC1BFD6DEAAD} = {877DA7B2-2C4E-40A5-9F28-EC1BFD6DEAAD}
	EndProjectSection
EndProject
Project("{8BC9CEB8-8B4A-11D0-8D11-00A0C91BC942}") = "KernelEngine", "KernelEngine\KernelEngine.vcxproj", "{F5D6B929-08E3-43DA-9F39-941A859B3FD8}"
EndProject
Project("{8BC9CEB8-8B4A-11D0-8D11-00A0C91BC942}") = "ListService", "ListService\ListService.vcxproj", "{877DA7B2-2C4E-40A5-9F28-EC1BFD6DEAAD}"
	ProjectSection(ProjectDependencies) = postProject
		{F5D6B929-08E3-43DA-9F39-941A859B3FD8} = {F5D6B929-08E3-43DA-9F39-941A859B3FD8}
	EndProjectSection
EndProject
Project("{8BC9CEB8-8B4A-11D0-8D11-00A0C91BC942}") = "ComService", "CommonServices\ComService.vcxproj", "{48A17E45-3F15-4ACC-92DE-DA57DA6C360B}"
EndProject
Global
	GlobalSection(SolutionConfigurationPlatforms) = preSolution
		Admin_Release|Win32 = Admin_Release|Win32
		Debug|Win32 = Debug|Win32
		Release|Win32 = Release|Win32
		Template|Win32 = Template|Win32
	EndGlobalSection
	GlobalSection(ProjectConfigurationPlatforms) = postSolution
		{D1D26E10-3E7E-4A5D-B614-8E03ADC03F79}.Admin_Release|Win32.ActiveCfg = Release|Win32
		{D1D26E10-3E7E-4A5D-B614-8E03ADC03F79}.Admin_Release|Win32.Build.0 = Release|Win32
		{D1D26E10-3E7E-4A5D-B614-8E03ADC03F79}.Debug|Win32.ActiveCfg = Debug|Win32
		{D1D26E10-3E7E-4A5D-B614-8E03ADC03F79}.Debug|Win32.Build.0 = Debug|Win32
		{D1D26E10-3E7E-4A5D-B614-8E03ADC03F79}.Release|Win32.ActiveCfg = Release|Win32
		{D1D26E10-3E7E-4A5D-B614-8E03ADC03F79}.Release|Win32.Build.0 = Release|Win32
		{D1D26E10-3E7E-4A5D-B614-8E03ADC03F79}.Template|Win32.ActiveCfg = Release|Win32
		{D1D26E10-3E7E-4A5D-B614-8E03ADC03F79}.Template|Win32.Build.0 = Release|Win32
		{9DF6C624-2D4E-478F-B2CF-A956361A93FC}.Admin_Release|Win32.ActiveCfg = Release|Win32
		{9DF6C624-2D4E-478F-B2CF-A956361A93FC}.Admin_Release|Win32.Build.0 = Release|Win32
		{9DF6C624-2D4E-478F-B2CF-A956361A93FC}.Debug|Win32.ActiveCfg = Debug|Win32
		{9DF6C624-2D4E-478F-B2CF-A956361A93FC}.Debug|Win32.Build.0 = Debug|Win32
		{9DF6C624-2D4E-478F-B2CF-A956361A93FC}.Release|Win32.ActiveCfg = Release|Win32
		{9DF6C624-2D4E-478F-B2CF-A956361A93FC}.Release|Win32.Build.0 = Release|Win32
		{9DF6C624-2D4E-478F-B2CF-A956361A93FC}.Template|Win32.ActiveCfg = Release|Win32
		{9DF6C624-2D4E-478F-B2CF-A956361A93FC}.Template|Win32.Build.0 = Release|Win32
		{9D4508DE-DC73-4396-B6F7-A35F87F6BEE2}.Admin_Release|Win32.ActiveCfg = Release|Win32
		{9D4508DE-DC73-4396-B6F7-A35F87F6BEE2}.Admin_Release|Win32.Build.0 = Release|Win32
		{9D4508DE-DC73-4396-B6F7-A35F87F6BEE2}.Debug|Win32.ActiveCfg = Debug|Win32
		{9D4508DE-DC73-4396-B6F7-A35F87F6BEE2}.Debug|Win32.Build.0 = Debug|Win32
		{9D4508DE-DC73-4396-B6F7-A35F87F6BEE2}.Release|Win32.ActiveCfg = Release|Win32
		{9D4508DE-DC73-4396-B6F7-A35F87F6BEE2}.Release|Win32.Build.0 = Release|Win32
		{9D4508DE-DC73-4396-B6F7-A35F87F6BEE2}.Template|Win32.ActiveCfg = Debug|Win32
		{9D4508DE-DC73-4396-B6F7-A35F87F6BEE2}.Template|Win32.Build.0 = Debug|Win32
		{FEF1A495-AD07-4584-B4FB-044B4E003C3E}.Admin_Release|Win32.ActiveCfg = Release|Win32
		{FEF1A495-AD07-4584-B4FB-044B4E003C3E}.Admin_Release|Win32.Build.0 = Release|Win32
		{FEF1A495-AD07-4584-B4FB-044B4E003C3E}.Debug|Win32.ActiveCfg = Debug|Win32
		{FEF1A495-AD07-4584-B4FB-044B4E003C3E}.Debug|Win32.Build.0 = Debug|Win32
		{FEF1A495-AD07-4584-B4FB-044B4E003C3E}.Release|Win32.ActiveCfg = Release|Win32
		{FEF1A495-AD07-4584-B4FB-044B4E003C3E}.Release|Win32.Build.0 = Release|Win32
		{FEF1A495-AD07-4584-B4FB-044B4E003C3E}.Template|Win32.ActiveCfg = Release|Win32
		{FEF1A495-AD07-4584-B4FB-044B4E003C3E}.Template|Win32.Build.0 = Release|Win32
		{D638E374-9D1C-44B7-B067-BE891CB219B2}.Admin_Release|Win32.ActiveCfg = Release|Win32
		{D638E374-9D1C-44B7-B067-BE891CB219B2}.Admin_Release|Win32.Build.0 = Release|Win32
		{D638E374-9D1C-44B7-B067-BE891CB219B2}.Debug|Win32.ActiveCfg = Debug|Win32
		{D638E374-9D1C-44B7-B067-BE891CB219B2}.Debug|Win32.Build.0 = Debug|Win32
		{D638E374-9D1C-44B7-B067-BE891CB219B2}.Release|Win32.ActiveCfg = Release|Win32
		{D638E374-9D1C-44B7-B067-BE891CB219B2}.Release|Win32.Build.0 = Release|Win32
		{D638E374-9D1C-44B7-B067-BE891CB219B2}.Template|Win32.ActiveCfg = Release|Win32
		{D638E374-9D1C-44B7-B067-BE891CB219B2}.Template|Win32.Build.0 = Release|Win32
		{F5D6B929-08E3-43DA-9F39-941A859B3FD8}.Admin_Release|Win32.ActiveCfg = Admin_Release|Win32
		{F5D6B929-08E3-43DA-9F39-941A859B3FD8}.Admin_Release|Win32.Build.0 = Admin_Release|Win32
		{F5D6B929-08E3-43DA-9F39-941A859B3FD8}.Debug|Win32.ActiveCfg = Debug|Win32
		{F5D6B929-08E3-43DA-9F39-941A859B3FD8}.Debug|Win32.Build.0 = Debug|Win32
		{F5D6B929-08E3-43DA-9F39-941A859B3FD8}.Release|Win32.ActiveCfg = Release|Win32
		{F5D6B929-08E3-43DA-9F39-941A859B3FD8}.Release|Win32.Build.0 = Release|Win32
		{F5D6B929-08E3-43DA-9F39-941A859B3FD8}.Template|Win32.ActiveCfg = Admin_Release|Win32
		{F5D6B929-08E3-43DA-9F39-941A859B3FD8}.Template|Win32.Build.0 = Admin_Release|Win32
		{877DA7B2-2C4E-40A5-9F28-EC1BFD6DEAAD}.Admin_Release|Win32.ActiveCfg = Release|Win32
		{877DA7B2-2C4E-40A5-9F28-EC1BFD6DEAAD}.Admin_Release|Win32.Build.0 = Release|Win32
		{877DA7B2-2C4E-40A5-9F28-EC1BFD6DEAAD}.Debug|Win32.ActiveCfg = Debug|Win32
		{877DA7B2-2C4E-40A5-9F28-EC1BFD6DEAAD}.Debug|Win32.Build.0 = Debug|Win32
		{877DA7B2-2C4E-40A5-9F28-EC1BFD6DEAAD}.Release|Win32.ActiveCfg = Release|Win32
		{877DA7B2-2C4E-40A5-9F28-EC1BFD6DEAAD}.Release|Win32.Build.0 = Release|Win32
		{877DA7B2-2C4E-40A5-9F28-EC1BFD6DEAAD}.Template|Win32.ActiveCfg = Release|Win32
		{877DA7B2-2C4E-40A5-9F28-EC1BFD6DEAAD}.Template|Win32.Build.0 = Release|Win32
		{48A17E45-3F15-4ACC-92DE-DA57DA6C360B}.Admin_Release|Win32.ActiveCfg = Release|Win32
		{48A17E45-3F15-4ACC-92DE-DA57DA6C360B}.Admin_Release|Win32.Build.0 = Release|Win32
		{48A17E45-3F15-4ACC-92DE-DA57DA6C360B}.Debug|Win32.ActiveCfg = Debug|Win32
		{48A17E45-3F15-4ACC-92DE-DA57DA6C360B}.Debug|Win32.Build.0 = Debug|Win32
		{48A17E45-3F15-4ACC-92DE-DA57DA6C360B}.Release|Win32.ActiveCfg = Release|Win32
		{48A17E45-3F15-4ACC-92DE-DA57DA6C360B}.Release|Win32.Build.0 = Release|Win32
		{48A17E45-3F15-4ACC-92DE-DA57DA6C360B}.Template|Win32.ActiveCfg = Release|Win32
		{48A17E45-3F15-4ACC-92DE-DA57DA6C360B}.Template|Win32.Build.0 = Release|Win32
	EndGlobalSection
	GlobalSection(SolutionProperties) = preSolution
		HideSolutionNode = FALSE
	EndGlobalSection
EndGlobal
