<?xml version="1.0" encoding="utf-8"?>
<Project ToolsVersion="4.0" xmlns="http://schemas.microsoft.com/developer/msbuild/2003">
  <ItemGroup>
    <Filter Include="源文件">
      <UniqueIdentifier>{4FC737F1-C7A5-4376-A066-2A32D752A2FF}</UniqueIdentifier>
      <Extensions>cpp;c;cxx;def;odl;idl;hpj;bat;asm;asmx</Extensions>
    </Filter>
    <Filter Include="头文件">
      <UniqueIdentifier>{93995380-89BD-4b04-88EB-625FBE52EBFB}</UniqueIdentifier>
      <Extensions>h;hpp;hxx;hm;inl;inc;xsd</Extensions>
    </Filter>
    <Filter Include="资源文件">
      <UniqueIdentifier>{67DA6AB6-F800-4c08-8B7A-83BB121AAD01}</UniqueIdentifier>
      <Extensions>rc;ico;cur;bmp;dlg;rc2;rct;bin;rgs;gif;jpg;jpeg;jpe;resx</Extensions>
    </Filter>
  </ItemGroup>
  <ItemGroup>
    <ClCompile Include="DibMgr.cpp">
      <Filter>源文件</Filter>
    </ClCompile>
    <ClCompile Include="GifHandler.cpp">
      <Filter>源文件</Filter>
    </ClCompile>
    <ClCompile Include="SimpleToolTip.cpp">
      <Filter>源文件</Filter>
    </ClCompile>
    <ClCompile Include="SonicAnimation.cpp">
      <Filter>源文件</Filter>
    </ClCompile>
    <ClCompile Include="SonicBase.cpp">
      <Filter>源文件</Filter>
    </ClCompile>
    <ClCompile Include="SonicBaseData.cpp">
      <Filter>源文件</Filter>
    </ClCompile>
    <ClCompile Include="SonicImage.cpp">
      <Filter>源文件</Filter>
    </ClCompile>
    <ClCompile Include="SonicPaint.cpp">
      <Filter>源文件</Filter>
    </ClCompile>
    <ClCompile Include="SonicSkin.cpp">
      <Filter>源文件</Filter>
    </ClCompile>
    <ClCompile Include="SonicString.cpp">
      <Filter>源文件</Filter>
    </ClCompile>
    <ClCompile Include="SonicTextScrollBar.cpp">
      <Filter>源文件</Filter>
    </ClCompile>
    <ClCompile Include="SonicUI.cpp">
      <Filter>源文件</Filter>
    </ClCompile>
    <ClCompile Include="SonicWndEffect.cpp">
      <Filter>源文件</Filter>
    </ClCompile>
    <ClCompile Include="SSE.cpp">
      <Filter>源文件</Filter>
    </ClCompile>
    <ClCompile Include="stdafx.cpp">
      <Filter>源文件</Filter>
    </ClCompile>
    <ClCompile Include="Utility.cpp">
      <Filter>源文件</Filter>
    </ClCompile>
  </ItemGroup>
  <ItemGroup>
    <ClInclude Include="ConstDefine.h">
      <Filter>头文件</Filter>
    </ClInclude>
    <ClInclude Include="DibMgr.h">
      <Filter>头文件</Filter>
    </ClInclude>
    <ClInclude Include="GifHandler.h">
      <Filter>头文件</Filter>
    </ClInclude>
    <ClInclude Include="ISonicBaseData.h">
      <Filter>头文件</Filter>
    </ClInclude>
    <ClInclude Include="..\include\ISonicUI.h">
      <Filter>头文件</Filter>
    </ClInclude>
    <ClInclude Include="SimpleToolTip.h">
      <Filter>头文件</Filter>
    </ClInclude>
    <ClInclude Include="SonicAnimation.h">
      <Filter>头文件</Filter>
    </ClInclude>
    <ClInclude Include="SonicImage.h">
      <Filter>头文件</Filter>
    </ClInclude>
    <ClInclude Include="SonicPaint.h">
      <Filter>头文件</Filter>
    </ClInclude>
    <ClInclude Include="SonicSkin.h">
      <Filter>头文件</Filter>
    </ClInclude>
    <ClInclude Include="SonicString.h">
      <Filter>头文件</Filter>
    </ClInclude>
    <ClInclude Include="SonicTextScrollBar.h">
      <Filter>头文件</Filter>
    </ClInclude>
    <ClInclude Include="SonicUI.h">
      <Filter>头文件</Filter>
    </ClInclude>
    <ClInclude Include="SonicWndEffect.h">
      <Filter>头文件</Filter>
    </ClInclude>
    <ClInclude Include="SSE.h">
      <Filter>头文件</Filter>
    </ClInclude>
    <ClInclude Include="stdafx.h">
      <Filter>头文件</Filter>
    </ClInclude>
  </ItemGroup>
  <ItemGroup>
    <Text Include="ReadMe.txt" />
  </ItemGroup>
</Project>