Microsoft Visual Studio Solution File, Format Version 12.00
# Visual Studio 2012
Project("{8BC9CEB8-8B4A-11D0-8D11-00A0C91BC942}") = "信道模块", "客户端组件\信道模块\ChannelModule.vcxproj", "{0D9684CE-A441-4D80-B449-C3AE8281C93B}"
EndProject
Project("{8BC9CEB8-8B4A-11D0-8D11-00A0C91BC942}") = "公共服务", "共享组件\公共服务\ComService.vcxproj", "{48A17E45-3F15-4ACC-92DE-DA57DA6C360B}"
EndProject
Project("{8BC9CEB8-8B4A-11D0-8D11-00A0C91BC942}") = "游戏广场", "客户端组件\游戏广场\GamePlaza.vcxproj", "{2A4255D8-9D65-4B56-9775-79ECF6AF3040}"
EndProject
Project("{8BC9CEB8-8B4A-11D0-8D11-00A0C91BC942}") = "头像组件", "客户端组件\头像组件\UserFace.vcxproj", "{8CE76226-A39A-465A-9F91-BD20607AF671}"
EndProject
Project("{8BC9CEB8-8B4A-11D0-8D11-00A0C91BC942}") = "界面控件", "共享组件\界面控件\SkinControls.vcxproj", "{9580A9BA-2C2C-4359-852C-FD627732BF1D}"
EndProject
Project("{8BC9CEB8-8B4A-11D0-8D11-00A0C91BC942}") = "游戏框架", "客户端组件\游戏框架\GameFrame.vcxproj", "{D6452141-70F6-4857-8D60-AF2485F75A40}"
EndProject
Project("{8BC9CEB8-8B4A-11D0-8D11-00A0C91BC942}") = "客户端共享", "客户端组件\客户端共享\ClientShare.vcxproj", "{1E98C5E5-A9BF-46C7-B57D-559A56EAD344}"
EndProject
Project("{8BC9CEB8-8B4A-11D0-8D11-00A0C91BC942}") = "下载组件", "客户端组件\下载组件\DownLoad.vcxproj", "{84612527-DBB5-4A41-B4F3-554E8A2A6A28}"
EndProject
Project("{8BC9CEB8-8B4A-11D0-8D11-00A0C91BC942}") = "界面资源", "共享组件\界面资源\SkinResource.vcxproj", "{1C2AF6C9-6787-41D2-8281-BCCEFBB46768}"
EndProject
Project("{8BC9CEB8-8B4A-11D0-8D11-00A0C91BC942}") = "网络服务", "客户端组件\网络服务\NetworkService.vcxproj", "{487AE71A-160E-49E0-A1EF-6D115F6B8A3F}"
EndProject
Project("{8BC9CEB8-8B4A-11D0-8D11-00A0C91BC942}") = "关系管理", "客户端组件\关系管理\Companion.vcxproj", "{43AEAD92-A098-44B9-9CCF-61AB672D2098}"
EndProject
Project("{8BC9CEB8-8B4A-11D0-8D11-00A0C91BC942}") = "SonicUI", "共享组件\SonicUI_src\SonicUI\SonicUI.vcxproj", "{14977269-CECB-4E5D-8718-A95741785C31}"
EndProject
Project("{8BC9CEB8-8B4A-11D0-8D11-00A0C91BC942}") = "游戏等级", "客户端组件\游戏等级\GameRank.vcxproj", "{974DE662-8429-45CB-8497-0E460405D84C}"
EndProject
Global
	GlobalSection(SolutionConfigurationPlatforms) = preSolution
		Admin_Release|Win32 = Admin_Release|Win32
		Debug|Win32 = Debug|Win32
		Release|Win32 = Release|Win32
	EndGlobalSection
	GlobalSection(ProjectConfigurationPlatforms) = postSolution
		{0D9684CE-A441-4D80-B449-C3AE8281C93B}.Admin_Release|Win32.ActiveCfg = Release|Win32
		{0D9684CE-A441-4D80-B449-C3AE8281C93B}.Admin_Release|Win32.Build.0 = Release|Win32
		{0D9684CE-A441-4D80-B449-C3AE8281C93B}.Debug|Win32.ActiveCfg = Debug|Win32
		{0D9684CE-A441-4D80-B449-C3AE8281C93B}.Debug|Win32.Build.0 = Debug|Win32
		{0D9684CE-A441-4D80-B449-C3AE8281C93B}.Release|Win32.ActiveCfg = Release|Win32
		{0D9684CE-A441-4D80-B449-C3AE8281C93B}.Release|Win32.Build.0 = Release|Win32
		{48A17E45-3F15-4ACC-92DE-DA57DA6C360B}.Admin_Release|Win32.ActiveCfg = Release|Win32
		{48A17E45-3F15-4ACC-92DE-DA57DA6C360B}.Admin_Release|Win32.Build.0 = Release|Win32
		{48A17E45-3F15-4ACC-92DE-DA57DA6C360B}.Debug|Win32.ActiveCfg = Debug|Win32
		{48A17E45-3F15-4ACC-92DE-DA57DA6C360B}.Debug|Win32.Build.0 = Debug|Win32
		{48A17E45-3F15-4ACC-92DE-DA57DA6C360B}.Release|Win32.ActiveCfg = Release|Win32
		{48A17E45-3F15-4ACC-92DE-DA57DA6C360B}.Release|Win32.Build.0 = Release|Win32
		{2A4255D8-9D65-4B56-9775-79ECF6AF3040}.Admin_Release|Win32.ActiveCfg = Admin_Release|Win32
		{2A4255D8-9D65-4B56-9775-79ECF6AF3040}.Admin_Release|Win32.Build.0 = Admin_Release|Win32
		{2A4255D8-9D65-4B56-9775-79ECF6AF3040}.Debug|Win32.ActiveCfg = Debug|Win32
		{2A4255D8-9D65-4B56-9775-79ECF6AF3040}.Debug|Win32.Build.0 = Debug|Win32
		{2A4255D8-9D65-4B56-9775-79ECF6AF3040}.Release|Win32.ActiveCfg = Release|Win32
		{2A4255D8-9D65-4B56-9775-79ECF6AF3040}.Release|Win32.Build.0 = Release|Win32
		{8CE76226-A39A-465A-9F91-BD20607AF671}.Admin_Release|Win32.ActiveCfg = Release|Win32
		{8CE76226-A39A-465A-9F91-BD20607AF671}.Admin_Release|Win32.Build.0 = Release|Win32
		{8CE76226-A39A-465A-9F91-BD20607AF671}.Debug|Win32.ActiveCfg = Debug|Win32
		{8CE76226-A39A-465A-9F91-BD20607AF671}.Debug|Win32.Build.0 = Debug|Win32
		{8CE76226-A39A-465A-9F91-BD20607AF671}.Release|Win32.ActiveCfg = Release|Win32
		{8CE76226-A39A-465A-9F91-BD20607AF671}.Release|Win32.Build.0 = Release|Win32
		{9580A9BA-2C2C-4359-852C-FD627732BF1D}.Admin_Release|Win32.ActiveCfg = Release|Win32
		{9580A9BA-2C2C-4359-852C-FD627732BF1D}.Admin_Release|Win32.Build.0 = Release|Win32
		{9580A9BA-2C2C-4359-852C-FD627732BF1D}.Debug|Win32.ActiveCfg = Debug|Win32
		{9580A9BA-2C2C-4359-852C-FD627732BF1D}.Debug|Win32.Build.0 = Debug|Win32
		{9580A9BA-2C2C-4359-852C-FD627732BF1D}.Release|Win32.ActiveCfg = Release|Win32
		{9580A9BA-2C2C-4359-852C-FD627732BF1D}.Release|Win32.Build.0 = Release|Win32
		{D6452141-70F6-4857-8D60-AF2485F75A40}.Admin_Release|Win32.ActiveCfg = Release|Win32
		{D6452141-70F6-4857-8D60-AF2485F75A40}.Admin_Release|Win32.Build.0 = Release|Win32
		{D6452141-70F6-4857-8D60-AF2485F75A40}.Debug|Win32.ActiveCfg = Debug|Win32
		{D6452141-70F6-4857-8D60-AF2485F75A40}.Debug|Win32.Build.0 = Debug|Win32
		{D6452141-70F6-4857-8D60-AF2485F75A40}.Release|Win32.ActiveCfg = Release|Win32
		{D6452141-70F6-4857-8D60-AF2485F75A40}.Release|Win32.Build.0 = Release|Win32
		{1E98C5E5-A9BF-46C7-B57D-559A56EAD344}.Admin_Release|Win32.ActiveCfg = Release|Win32
		{1E98C5E5-A9BF-46C7-B57D-559A56EAD344}.Admin_Release|Win32.Build.0 = Release|Win32
		{1E98C5E5-A9BF-46C7-B57D-559A56EAD344}.Debug|Win32.ActiveCfg = Debug|Win32
		{1E98C5E5-A9BF-46C7-B57D-559A56EAD344}.Debug|Win32.Build.0 = Debug|Win32
		{1E98C5E5-A9BF-46C7-B57D-559A56EAD344}.Release|Win32.ActiveCfg = Release|Win32
		{1E98C5E5-A9BF-46C7-B57D-559A56EAD344}.Release|Win32.Build.0 = Release|Win32
		{84612527-DBB5-4A41-B4F3-554E8A2A6A28}.Admin_Release|Win32.ActiveCfg = Release|Win32
		{84612527-DBB5-4A41-B4F3-554E8A2A6A28}.Admin_Release|Win32.Build.0 = Release|Win32
		{84612527-DBB5-4A41-B4F3-554E8A2A6A28}.Debug|Win32.ActiveCfg = Debug|Win32
		{84612527-DBB5-4A41-B4F3-554E8A2A6A28}.Debug|Win32.Build.0 = Debug|Win32
		{84612527-DBB5-4A41-B4F3-554E8A2A6A28}.Release|Win32.ActiveCfg = Release|Win32
		{84612527-DBB5-4A41-B4F3-554E8A2A6A28}.Release|Win32.Build.0 = Release|Win32
		{1C2AF6C9-6787-41D2-8281-BCCEFBB46768}.Admin_Release|Win32.ActiveCfg = Release|Win32
		{1C2AF6C9-6787-41D2-8281-BCCEFBB46768}.Admin_Release|Win32.Build.0 = Release|Win32
		{1C2AF6C9-6787-41D2-8281-BCCEFBB46768}.Debug|Win32.ActiveCfg = Debug|Win32
		{1C2AF6C9-6787-41D2-8281-BCCEFBB46768}.Debug|Win32.Build.0 = Debug|Win32
		{1C2AF6C9-6787-41D2-8281-BCCEFBB46768}.Release|Win32.ActiveCfg = Release|Win32
		{1C2AF6C9-6787-41D2-8281-BCCEFBB46768}.Release|Win32.Build.0 = Release|Win32
		{487AE71A-160E-49E0-A1EF-6D115F6B8A3F}.Admin_Release|Win32.ActiveCfg = Release|Win32
		{487AE71A-160E-49E0-A1EF-6D115F6B8A3F}.Admin_Release|Win32.Build.0 = Release|Win32
		{487AE71A-160E-49E0-A1EF-6D115F6B8A3F}.Debug|Win32.ActiveCfg = Debug|Win32
		{487AE71A-160E-49E0-A1EF-6D115F6B8A3F}.Debug|Win32.Build.0 = Debug|Win32
		{487AE71A-160E-49E0-A1EF-6D115F6B8A3F}.Release|Win32.ActiveCfg = Release|Win32
		{487AE71A-160E-49E0-A1EF-6D115F6B8A3F}.Release|Win32.Build.0 = Release|Win32
		{43AEAD92-A098-44B9-9CCF-61AB672D2098}.Admin_Release|Win32.ActiveCfg = Release|Win32
		{43AEAD92-A098-44B9-9CCF-61AB672D2098}.Admin_Release|Win32.Build.0 = Release|Win32
		{43AEAD92-A098-44B9-9CCF-61AB672D2098}.Debug|Win32.ActiveCfg = Debug|Win32
		{43AEAD92-A098-44B9-9CCF-61AB672D2098}.Debug|Win32.Build.0 = Debug|Win32
		{43AEAD92-A098-44B9-9CCF-61AB672D2098}.Release|Win32.ActiveCfg = Release|Win32
		{43AEAD92-A098-44B9-9CCF-61AB672D2098}.Release|Win32.Build.0 = Release|Win32
		{14977269-CECB-4E5D-8718-A95741785C31}.Admin_Release|Win32.ActiveCfg = Release|Win32
		{14977269-CECB-4E5D-8718-A95741785C31}.Admin_Release|Win32.Build.0 = Release|Win32
		{14977269-CECB-4E5D-8718-A95741785C31}.Debug|Win32.ActiveCfg = Debug|Win32
		{14977269-CECB-4E5D-8718-A95741785C31}.Debug|Win32.Build.0 = Debug|Win32
		{14977269-CECB-4E5D-8718-A95741785C31}.Release|Win32.ActiveCfg = Release|Win32
		{14977269-CECB-4E5D-8718-A95741785C31}.Release|Win32.Build.0 = Release|Win32
		{974DE662-8429-45CB-8497-0E460405D84C}.Admin_Release|Win32.ActiveCfg = Release|Win32
		{974DE662-8429-45CB-8497-0E460405D84C}.Admin_Release|Win32.Build.0 = Release|Win32
		{974DE662-8429-45CB-8497-0E460405D84C}.Debug|Win32.ActiveCfg = Debug|Win32
		{974DE662-8429-45CB-8497-0E460405D84C}.Debug|Win32.Build.0 = Debug|Win32
		{974DE662-8429-45CB-8497-0E460405D84C}.Release|Win32.ActiveCfg = Release|Win32
		{974DE662-8429-45CB-8497-0E460405D84C}.Release|Win32.Build.0 = Release|Win32
	EndGlobalSection
	GlobalSection(SolutionProperties) = preSolution
		HideSolutionNode = FALSE
	EndGlobalSection
	GlobalSection(ExtensibilityGlobals) = postSolution
		VisualSVNWorkingCopyRoot = 
	EndGlobalSection
EndGlobal
